// !$*UTF8*$!
{
	archiveVersion = 1;
	classes = {
	};
	objectVersion = 48;
	objects = {

/* Begin PBXBuildFile section */
		1E1726832039DF6C008E3B81 /* Request.swift in Sources */ = {isa = PBXBuildFile; fileRef = 1E1726822039DF6C008E3B81 /* Request.swift */; };
		1E1726852039E258008E3B81 /* Const.swift in Sources */ = {isa = PBXBuildFile; fileRef = 1E1726842039E258008E3B81 /* Const.swift */; };
		1E172689203B2D64008E3B81 /* ApiClient.swift in Sources */ = {isa = PBXBuildFile; fileRef = 1E172688203B2D64008E3B81 /* ApiClient.swift */; };
		1E17268B203B2E70008E3B81 /* CommunicationType.swift in Sources */ = {isa = PBXBuildFile; fileRef = 1E17268A203B2E70008E3B81 /* CommunicationType.swift */; };
		1E17268F203C2B5F008E3B81 /* PhraseSpace.png in Resources */ = {isa = PBXBuildFile; fileRef = 1E17268E203C2B5F008E3B81 /* PhraseSpace.png */; };
		1E172692203C3DA4008E3B81 /* SplashViewController.swift in Sources */ = {isa = PBXBuildFile; fileRef = 1E172691203C3DA4008E3B81 /* SplashViewController.swift */; };
		1E172694203C3DB2008E3B81 /* Splash.storyboard in Resources */ = {isa = PBXBuildFile; fileRef = 1E172693203C3DB2008E3B81 /* Splash.storyboard */; };
		1E172697203C495B008E3B81 /* PhraseTableCell.swift in Sources */ = {isa = PBXBuildFile; fileRef = 1E172695203C495B008E3B81 /* PhraseTableCell.swift */; };
		1E172698203C495B008E3B81 /* PhraseTableCell.xib in Resources */ = {isa = PBXBuildFile; fileRef = 1E172696203C495B008E3B81 /* PhraseTableCell.xib */; };
		1E17269B203C6771008E3B81 /* Phrase.swift in Sources */ = {isa = PBXBuildFile; fileRef = 1E17269A203C6771008E3B81 /* Phrase.swift */; };
		1E17269D203C6CF2008E3B81 /* Constants.swift in Sources */ = {isa = PBXBuildFile; fileRef = 1E17269C203C6CF2008E3B81 /* Constants.swift */; };
		1E17269F203C7131008E3B81 /* JsonTag.swift in Sources */ = {isa = PBXBuildFile; fileRef = 1E17269E203C7131008E3B81 /* JsonTag.swift */; };
		1E1726A620444727008E3B81 /* blueCircle.png in Resources */ = {isa = PBXBuildFile; fileRef = 1E1726A120444727008E3B81 /* blueCircle.png */; };
		1E1726A720444727008E3B81 /* greenCircle.png in Resources */ = {isa = PBXBuildFile; fileRef = 1E1726A220444727008E3B81 /* greenCircle.png */; };
		1E1726A820444727008E3B81 /* redCircle.png in Resources */ = {isa = PBXBuildFile; fileRef = 1E1726A320444727008E3B81 /* redCircle.png */; };
		1E1726A920444727008E3B81 /* orangeCircle.png in Resources */ = {isa = PBXBuildFile; fileRef = 1E1726A420444727008E3B81 /* orangeCircle.png */; };
		1E1726AA20444727008E3B81 /* yellowCircle.png in Resources */ = {isa = PBXBuildFile; fileRef = 1E1726A520444727008E3B81 /* yellowCircle.png */; };
		1E1726AD20444738008E3B81 /* splash.png in Resources */ = {isa = PBXBuildFile; fileRef = 1E1726AB20444738008E3B81 /* splash.png */; };
		1E1726AE20444738008E3B81 /* logo.png in Resources */ = {isa = PBXBuildFile; fileRef = 1E1726AC20444738008E3B81 /* logo.png */; };
		1E1726B020445BC4008E3B81 /* purpleCircle.png in Resources */ = {isa = PBXBuildFile; fileRef = 1E1726AF20445BC4008E3B81 /* purpleCircle.png */; };
		1E3D42A12047070600F54EFA /* delete.png in Resources */ = {isa = PBXBuildFile; fileRef = 1E3D429D2047070500F54EFA /* delete.png */; };
		1E3D42A22047070600F54EFA /* edit.png in Resources */ = {isa = PBXBuildFile; fileRef = 1E3D429E2047070500F54EFA /* edit.png */; };
		1E3D42A32047070600F54EFA /* search.png in Resources */ = {isa = PBXBuildFile; fileRef = 1E3D429F2047070600F54EFA /* search.png */; };
		1E3D42A42047070600F54EFA /* reload.png in Resources */ = {isa = PBXBuildFile; fileRef = 1E3D42A02047070600F54EFA /* reload.png */; };
		1E3D42A92048533700F54EFA /* DetailViewCell.swift in Sources */ = {isa = PBXBuildFile; fileRef = 1E3D42A72048533700F54EFA /* DetailViewCell.swift */; };
		1E3D42AA2048533700F54EFA /* DetailViewCell.xib in Resources */ = {isa = PBXBuildFile; fileRef = 1E3D42A82048533700F54EFA /* DetailViewCell.xib */; };
		1E428D6F204A67ED0012017C /* PhraseEditViewController.swift in Sources */ = {isa = PBXBuildFile; fileRef = 1E428D6E204A67ED0012017C /* PhraseEditViewController.swift */; };
		1E428D71204A682E0012017C /* PhraseEdit.storyboard in Resources */ = {isa = PBXBuildFile; fileRef = 1E428D70204A682E0012017C /* PhraseEdit.storyboard */; };
		1E45560D203337BC003D5CD2 /* AppDelegate.swift in Sources */ = {isa = PBXBuildFile; fileRef = 1E45560C203337BC003D5CD2 /* AppDelegate.swift */; };
		1E45560F203337BC003D5CD2 /* BaseViewController.swift in Sources */ = {isa = PBXBuildFile; fileRef = 1E45560E203337BC003D5CD2 /* BaseViewController.swift */; };
		1E455614203337BC003D5CD2 /* Assets.xcassets in Resources */ = {isa = PBXBuildFile; fileRef = 1E455613203337BC003D5CD2 /* Assets.xcassets */; };
		1E455617203337BC003D5CD2 /* LaunchScreen.storyboard in Resources */ = {isa = PBXBuildFile; fileRef = 1E455615203337BC003D5CD2 /* LaunchScreen.storyboard */; };
		1E455622203337BC003D5CD2 /* PhraseSpaceTests.swift in Sources */ = {isa = PBXBuildFile; fileRef = 1E455621203337BC003D5CD2 /* PhraseSpaceTests.swift */; };
		1E45562D203337BC003D5CD2 /* PhraseSpaceUITests.swift in Sources */ = {isa = PBXBuildFile; fileRef = 1E45562C203337BC003D5CD2 /* PhraseSpaceUITests.swift */; };
		1E45563E203338AA003D5CD2 /* PhraseTableViewController.swift in Sources */ = {isa = PBXBuildFile; fileRef = 1E45563D203338AA003D5CD2 /* PhraseTableViewController.swift */; };
		1E455640203338BE003D5CD2 /* PhraseTable.storyboard in Resources */ = {isa = PBXBuildFile; fileRef = 1E45563F203338BE003D5CD2 /* PhraseTable.storyboard */; };
		1E45564320346CD7003D5CD2 /* MainTabBarController.swift in Sources */ = {isa = PBXBuildFile; fileRef = 1E45564220346CD7003D5CD2 /* MainTabBarController.swift */; };
		1E45564520346CEA003D5CD2 /* MainTabBar.storyboard in Resources */ = {isa = PBXBuildFile; fileRef = 1E45564420346CEA003D5CD2 /* MainTabBar.storyboard */; };
		1E45564720346D30003D5CD2 /* PhraseDetailViewController.swift in Sources */ = {isa = PBXBuildFile; fileRef = 1E45564620346D30003D5CD2 /* PhraseDetailViewController.swift */; };
		1E45564920346D4A003D5CD2 /* PhraseDetail.storyboard in Resources */ = {isa = PBXBuildFile; fileRef = 1E45564820346D4A003D5CD2 /* PhraseDetail.storyboard */; };
		1EBB43792053F3C100CC2F9B /* ChatViewController.swift in Sources */ = {isa = PBXBuildFile; fileRef = 1EBB43782053F3C100CC2F9B /* ChatViewController.swift */; };
		1EBB437B2053F55600CC2F9B /* Chat.storyboard in Resources */ = {isa = PBXBuildFile; fileRef = 1EBB437A2053F55600CC2F9B /* Chat.storyboard */; };
		1EBB437E2053FFA400CC2F9B /* MyTableViewCell.swift in Sources */ = {isa = PBXBuildFile; fileRef = 1EBB437C2053FFA400CC2F9B /* MyTableViewCell.swift */; };
		1EBB437F2053FFA400CC2F9B /* MyTableViewCell.xib in Resources */ = {isa = PBXBuildFile; fileRef = 1EBB437D2053FFA400CC2F9B /* MyTableViewCell.xib */; };
		1EBB43822053FFB400CC2F9B /* YourTableViewCell.swift in Sources */ = {isa = PBXBuildFile; fileRef = 1EBB43802053FFB400CC2F9B /* YourTableViewCell.swift */; };
		1EBB43832053FFB400CC2F9B /* YourTableViewCell.xib in Resources */ = {isa = PBXBuildFile; fileRef = 1EBB43812053FFB400CC2F9B /* YourTableViewCell.xib */; };
		1EBB43852054108E00CC2F9B /* Chat.swift in Sources */ = {isa = PBXBuildFile; fileRef = 1EBB43842054108E00CC2F9B /* Chat.swift */; };
/* End PBXBuildFile section */

/* Begin PBXContainerItemProxy section */
		1E45561E203337BC003D5CD2 /* PBXContainerItemProxy */ = {
			isa = PBXContainerItemProxy;
			containerPortal = 1E455601203337BC003D5CD2 /* Project object */;
			proxyType = 1;
			remoteGlobalIDString = 1E455608203337BC003D5CD2;
			remoteInfo = PhraseSpace;
		};
		1E455629203337BC003D5CD2 /* PBXContainerItemProxy */ = {
			isa = PBXContainerItemProxy;
			containerPortal = 1E455601203337BC003D5CD2 /* Project object */;
			proxyType = 1;
			remoteGlobalIDString = 1E455608203337BC003D5CD2;
			remoteInfo = PhraseSpace;
		};
/* End PBXContainerItemProxy section */

/* Begin PBXFileReference section */
		1E1726822039DF6C008E3B81 /* Request.swift */ = {isa = PBXFileReference; lastKnownFileType = sourcecode.swift; path = Request.swift; sourceTree = "<group>"; };
		1E1726842039E258008E3B81 /* Const.swift */ = {isa = PBXFileReference; lastKnownFileType = sourcecode.swift; path = Const.swift; sourceTree = "<group>"; };
		1E172688203B2D64008E3B81 /* ApiClient.swift */ = {isa = PBXFileReference; lastKnownFileType = sourcecode.swift; path = ApiClient.swift; sourceTree = "<group>"; };
		1E17268A203B2E70008E3B81 /* CommunicationType.swift */ = {isa = PBXFileReference; lastKnownFileType = sourcecode.swift; path = CommunicationType.swift; sourceTree = "<group>"; };
		1E17268E203C2B5F008E3B81 /* PhraseSpace.png */ = {isa = PBXFileReference; lastKnownFileType = image.png; name = PhraseSpace.png; path = ../../../../Downloads/PhraseSpace.png; sourceTree = "<group>"; };
		1E172691203C3DA4008E3B81 /* SplashViewController.swift */ = {isa = PBXFileReference; lastKnownFileType = sourcecode.swift; path = SplashViewController.swift; sourceTree = "<group>"; };
		1E172693203C3DB2008E3B81 /* Splash.storyboard */ = {isa = PBXFileReference; lastKnownFileType = file.storyboard; path = Splash.storyboard; sourceTree = "<group>"; };
		1E172695203C495B008E3B81 /* PhraseTableCell.swift */ = {isa = PBXFileReference; lastKnownFileType = sourcecode.swift; path = PhraseTableCell.swift; sourceTree = "<group>"; };
		1E172696203C495B008E3B81 /* PhraseTableCell.xib */ = {isa = PBXFileReference; lastKnownFileType = file.xib; path = PhraseTableCell.xib; sourceTree = "<group>"; };
		1E17269A203C6771008E3B81 /* Phrase.swift */ = {isa = PBXFileReference; lastKnownFileType = sourcecode.swift; path = Phrase.swift; sourceTree = "<group>"; };
		1E17269C203C6CF2008E3B81 /* Constants.swift */ = {isa = PBXFileReference; lastKnownFileType = sourcecode.swift; path = Constants.swift; sourceTree = "<group>"; };
		1E17269E203C7131008E3B81 /* JsonTag.swift */ = {isa = PBXFileReference; lastKnownFileType = sourcecode.swift; path = JsonTag.swift; sourceTree = "<group>"; };
		1E1726A120444727008E3B81 /* blueCircle.png */ = {isa = PBXFileReference; lastKnownFileType = image.png; name = blueCircle.png; path = ../../../Downloads/color/blueCircle.png; sourceTree = "<group>"; };
		1E1726A220444727008E3B81 /* greenCircle.png */ = {isa = PBXFileReference; lastKnownFileType = image.png; name = greenCircle.png; path = ../../../Downloads/color/greenCircle.png; sourceTree = "<group>"; };
		1E1726A320444727008E3B81 /* redCircle.png */ = {isa = PBXFileReference; lastKnownFileType = image.png; name = redCircle.png; path = ../../../Downloads/color/redCircle.png; sourceTree = "<group>"; };
		1E1726A420444727008E3B81 /* orangeCircle.png */ = {isa = PBXFileReference; lastKnownFileType = image.png; name = orangeCircle.png; path = ../../../Downloads/color/orangeCircle.png; sourceTree = "<group>"; };
		1E1726A520444727008E3B81 /* yellowCircle.png */ = {isa = PBXFileReference; lastKnownFileType = image.png; name = yellowCircle.png; path = ../../../Downloads/color/yellowCircle.png; sourceTree = "<group>"; };
		1E1726AB20444738008E3B81 /* splash.png */ = {isa = PBXFileReference; lastKnownFileType = image.png; name = splash.png; path = ../../../Downloads/compresspng/splash.png; sourceTree = "<group>"; };
		1E1726AC20444738008E3B81 /* logo.png */ = {isa = PBXFileReference; lastKnownFileType = image.png; name = logo.png; path = ../../../Downloads/compresspng/logo.png; sourceTree = "<group>"; };
		1E1726AF20445BC4008E3B81 /* purpleCircle.png */ = {isa = PBXFileReference; lastKnownFileType = image.png; name = purpleCircle.png; path = ../../../Downloads/purpleCircle.png; sourceTree = "<group>"; };
		1E3D429D2047070500F54EFA /* delete.png */ = {isa = PBXFileReference; lastKnownFileType = image.png; name = delete.png; path = ../../../Downloads/images/delete.png; sourceTree = "<group>"; };
		1E3D429E2047070500F54EFA /* edit.png */ = {isa = PBXFileReference; lastKnownFileType = image.png; name = edit.png; path = ../../../Downloads/images/edit.png; sourceTree = "<group>"; };
		1E3D429F2047070600F54EFA /* search.png */ = {isa = PBXFileReference; lastKnownFileType = image.png; name = search.png; path = ../../../Downloads/images/search.png; sourceTree = "<group>"; };
		1E3D42A02047070600F54EFA /* reload.png */ = {isa = PBXFileReference; lastKnownFileType = image.png; name = reload.png; path = ../../../Downloads/images/reload.png; sourceTree = "<group>"; };
		1E3D42A72048533700F54EFA /* DetailViewCell.swift */ = {isa = PBXFileReference; lastKnownFileType = sourcecode.swift; path = DetailViewCell.swift; sourceTree = "<group>"; };
		1E3D42A82048533700F54EFA /* DetailViewCell.xib */ = {isa = PBXFileReference; lastKnownFileType = file.xib; path = DetailViewCell.xib; sourceTree = "<group>"; };
		1E428D6E204A67ED0012017C /* PhraseEditViewController.swift */ = {isa = PBXFileReference; lastKnownFileType = sourcecode.swift; path = PhraseEditViewController.swift; sourceTree = "<group>"; };
		1E428D70204A682E0012017C /* PhraseEdit.storyboard */ = {isa = PBXFileReference; lastKnownFileType = file.storyboard; path = PhraseEdit.storyboard; sourceTree = "<group>"; };
		1E455609203337BC003D5CD2 /* PhraseSpace.app */ = {isa = PBXFileReference; explicitFileType = wrapper.application; includeInIndex = 0; path = PhraseSpace.app; sourceTree = BUILT_PRODUCTS_DIR; };
		1E45560C203337BC003D5CD2 /* AppDelegate.swift */ = {isa = PBXFileReference; lastKnownFileType = sourcecode.swift; path = AppDelegate.swift; sourceTree = "<group>"; };
		1E45560E203337BC003D5CD2 /* BaseViewController.swift */ = {isa = PBXFileReference; lastKnownFileType = sourcecode.swift; path = BaseViewController.swift; sourceTree = "<group>"; };
		1E455613203337BC003D5CD2 /* Assets.xcassets */ = {isa = PBXFileReference; lastKnownFileType = folder.assetcatalog; path = Assets.xcassets; sourceTree = "<group>"; };
		1E455616203337BC003D5CD2 /* Base */ = {isa = PBXFileReference; lastKnownFileType = file.storyboard; name = Base; path = Base.lproj/LaunchScreen.storyboard; sourceTree = "<group>"; };
		1E455618203337BC003D5CD2 /* Info.plist */ = {isa = PBXFileReference; lastKnownFileType = text.plist.xml; path = Info.plist; sourceTree = "<group>"; };
		1E45561D203337BC003D5CD2 /* PhraseSpaceTests.xctest */ = {isa = PBXFileReference; explicitFileType = wrapper.cfbundle; includeInIndex = 0; path = PhraseSpaceTests.xctest; sourceTree = BUILT_PRODUCTS_DIR; };
		1E455621203337BC003D5CD2 /* PhraseSpaceTests.swift */ = {isa = PBXFileReference; lastKnownFileType = sourcecode.swift; path = PhraseSpaceTests.swift; sourceTree = "<group>"; };
		1E455623203337BC003D5CD2 /* Info.plist */ = {isa = PBXFileReference; lastKnownFileType = text.plist.xml; path = Info.plist; sourceTree = "<group>"; };
		1E455628203337BC003D5CD2 /* PhraseSpaceUITests.xctest */ = {isa = PBXFileReference; explicitFileType = wrapper.cfbundle; includeInIndex = 0; path = PhraseSpaceUITests.xctest; sourceTree = BUILT_PRODUCTS_DIR; };
		1E45562C203337BC003D5CD2 /* PhraseSpaceUITests.swift */ = {isa = PBXFileReference; lastKnownFileType = sourcecode.swift; path = PhraseSpaceUITests.swift; sourceTree = "<group>"; };
		1E45562E203337BC003D5CD2 /* Info.plist */ = {isa = PBXFileReference; lastKnownFileType = text.plist.xml; path = Info.plist; sourceTree = "<group>"; };
		1E45563D203338AA003D5CD2 /* PhraseTableViewController.swift */ = {isa = PBXFileReference; lastKnownFileType = sourcecode.swift; path = PhraseTableViewController.swift; sourceTree = "<group>"; };
		1E45563F203338BE003D5CD2 /* PhraseTable.storyboard */ = {isa = PBXFileReference; lastKnownFileType = file.storyboard; path = PhraseTable.storyboard; sourceTree = "<group>"; };
		1E45564220346CD7003D5CD2 /* MainTabBarController.swift */ = {isa = PBXFileReference; lastKnownFileType = sourcecode.swift; path = MainTabBarController.swift; sourceTree = "<group>"; };
		1E45564420346CEA003D5CD2 /* MainTabBar.storyboard */ = {isa = PBXFileReference; lastKnownFileType = file.storyboard; path = MainTabBar.storyboard; sourceTree = "<group>"; };
		1E45564620346D30003D5CD2 /* PhraseDetailViewController.swift */ = {isa = PBXFileReference; lastKnownFileType = sourcecode.swift; path = PhraseDetailViewController.swift; sourceTree = "<group>"; };
		1E45564820346D4A003D5CD2 /* PhraseDetail.storyboard */ = {isa = PBXFileReference; lastKnownFileType = file.storyboard; path = PhraseDetail.storyboard; sourceTree = "<group>"; };
		1EBB43782053F3C100CC2F9B /* ChatViewController.swift */ = {isa = PBXFileReference; lastKnownFileType = sourcecode.swift; path = ChatViewController.swift; sourceTree = "<group>"; };
		1EBB437A2053F55600CC2F9B /* Chat.storyboard */ = {isa = PBXFileReference; lastKnownFileType = file.storyboard; path = Chat.storyboard; sourceTree = "<group>"; };
		1EBB437C2053FFA400CC2F9B /* MyTableViewCell.swift */ = {isa = PBXFileReference; lastKnownFileType = sourcecode.swift; path = MyTableViewCell.swift; sourceTree = "<group>"; };
		1EBB437D2053FFA400CC2F9B /* MyTableViewCell.xib */ = {isa = PBXFileReference; lastKnownFileType = file.xib; path = MyTableViewCell.xib; sourceTree = "<group>"; };
		1EBB43802053FFB400CC2F9B /* YourTableViewCell.swift */ = {isa = PBXFileReference; lastKnownFileType = sourcecode.swift; path = YourTableViewCell.swift; sourceTree = "<group>"; };
		1EBB43812053FFB400CC2F9B /* YourTableViewCell.xib */ = {isa = PBXFileReference; lastKnownFileType = file.xib; path = YourTableViewCell.xib; sourceTree = "<group>"; };
		1EBB43842054108E00CC2F9B /* Chat.swift */ = {isa = PBXFileReference; lastKnownFileType = sourcecode.swift; path = Chat.swift; sourceTree = "<group>"; };
/* End PBXFileReference section */

/* Begin PBXFrameworksBuildPhase section */
		1E455606203337BC003D5CD2 /* Frameworks */ = {
			isa = PBXFrameworksBuildPhase;
			buildActionMask = 2147483647;
			files = (
			);
			runOnlyForDeploymentPostprocessing = 0;
		};
		1E45561A203337BC003D5CD2 /* Frameworks */ = {
			isa = PBXFrameworksBuildPhase;
			buildActionMask = 2147483647;
			files = (
			);
			runOnlyForDeploymentPostprocessing = 0;
		};
		1E455625203337BC003D5CD2 /* Frameworks */ = {
			isa = PBXFrameworksBuildPhase;
			buildActionMask = 2147483647;
			files = (
			);
			runOnlyForDeploymentPostprocessing = 0;
		};
/* End PBXFrameworksBuildPhase section */

/* Begin PBXGroup section */
		1E17268C203C2B16008E3B81 /* resource */ = {
			isa = PBXGroup;
			children = (
				1E17268D203C2B3A008E3B81 /* image */,
			);
			path = resource;
			sourceTree = "<group>";
		};
		1E17268D203C2B3A008E3B81 /* image */ = {
			isa = PBXGroup;
			children = (
				1E17268E203C2B5F008E3B81 /* PhraseSpace.png */,
			);
			path = image;
			sourceTree = "<group>";
		};
		1E172690203C3D4C008E3B81 /* splash */ = {
			isa = PBXGroup;
			children = (
				1E172691203C3DA4008E3B81 /* SplashViewController.swift */,
				1E172693203C3DB2008E3B81 /* Splash.storyboard */,
			);
			path = splash;
			sourceTree = "<group>";
		};
		1E172699203C6733008E3B81 /* data */ = {
			isa = PBXGroup;
			children = (
				1E17269A203C6771008E3B81 /* Phrase.swift */,
				1EBB43842054108E00CC2F9B /* Chat.swift */,
			);
			path = data;
			sourceTree = "<group>";
		};
		1E1726A020444706008E3B81 /* image */ = {
			isa = PBXGroup;
			children = (
				1E3D429D2047070500F54EFA /* delete.png */,
				1E3D429E2047070500F54EFA /* edit.png */,
				1E3D42A02047070600F54EFA /* reload.png */,
				1E3D429F2047070600F54EFA /* search.png */,
				1E1726AF20445BC4008E3B81 /* purpleCircle.png */,
				1E1726AC20444738008E3B81 /* logo.png */,
				1E1726AB20444738008E3B81 /* splash.png */,
				1E1726A120444727008E3B81 /* blueCircle.png */,
				1E1726A220444727008E3B81 /* greenCircle.png */,
				1E1726A420444727008E3B81 /* orangeCircle.png */,
				1E1726A320444727008E3B81 /* redCircle.png */,
				1E1726A520444727008E3B81 /* yellowCircle.png */,
			);
			path = image;
			sourceTree = "<group>";
		};
		1E428D6D204A67970012017C /* phrase_edit */ = {
			isa = PBXGroup;
			children = (
				1E428D6E204A67ED0012017C /* PhraseEditViewController.swift */,
				1E428D70204A682E0012017C /* PhraseEdit.storyboard */,
			);
			path = phrase_edit;
			sourceTree = "<group>";
		};
		1E455600203337BC003D5CD2 = {
			isa = PBXGroup;
			children = (
				1EBB43772053F38600CC2F9B /* chat */,
				1E1726A020444706008E3B81 /* image */,
				1E45560C203337BC003D5CD2 /* AppDelegate.swift */,
				1E172699203C6733008E3B81 /* data */,
				1E172690203C3D4C008E3B81 /* splash */,
				1E17268C203C2B16008E3B81 /* resource */,
				1E45564120346CA5003D5CD2 /* global_menu */,
				1E45563B203337CF003D5CD2 /* phrase */,
				1E45563C203337DA003D5CD2 /* phrase_detail */,
				1E428D6D204A67970012017C /* phrase_edit */,
				1E45563A203337C6003D5CD2 /* common */,
				1E45560B203337BC003D5CD2 /* PhraseSpace */,
				1E455620203337BC003D5CD2 /* PhraseSpaceTests */,
				1E45562B203337BC003D5CD2 /* PhraseSpaceUITests */,
				1E45560A203337BC003D5CD2 /* Products */,
			);
			sourceTree = "<group>";
		};
		1E45560A203337BC003D5CD2 /* Products */ = {
			isa = PBXGroup;
			children = (
				1E455609203337BC003D5CD2 /* PhraseSpace.app */,
				1E45561D203337BC003D5CD2 /* PhraseSpaceTests.xctest */,
				1E455628203337BC003D5CD2 /* PhraseSpaceUITests.xctest */,
			);
			name = Products;
			sourceTree = "<group>";
		};
		1E45560B203337BC003D5CD2 /* PhraseSpace */ = {
			isa = PBXGroup;
			children = (
				1E455613203337BC003D5CD2 /* Assets.xcassets */,
				1E455615203337BC003D5CD2 /* LaunchScreen.storyboard */,
				1E455618203337BC003D5CD2 /* Info.plist */,
			);
			path = PhraseSpace;
			sourceTree = "<group>";
		};
		1E455620203337BC003D5CD2 /* PhraseSpaceTests */ = {
			isa = PBXGroup;
			children = (
				1E455621203337BC003D5CD2 /* PhraseSpaceTests.swift */,
				1E455623203337BC003D5CD2 /* Info.plist */,
			);
			path = PhraseSpaceTests;
			sourceTree = "<group>";
		};
		1E45562B203337BC003D5CD2 /* PhraseSpaceUITests */ = {
			isa = PBXGroup;
			children = (
				1E45562C203337BC003D5CD2 /* PhraseSpaceUITests.swift */,
				1E45562E203337BC003D5CD2 /* Info.plist */,
			);
			path = PhraseSpaceUITests;
			sourceTree = "<group>";
		};
		1E45563A203337C6003D5CD2 /* common */ = {
			isa = PBXGroup;
			children = (
				1E45560E203337BC003D5CD2 /* BaseViewController.swift */,
				1E1726822039DF6C008E3B81 /* Request.swift */,
				1E1726842039E258008E3B81 /* Const.swift */,
				1E172688203B2D64008E3B81 /* ApiClient.swift */,
				1E17268A203B2E70008E3B81 /* CommunicationType.swift */,
				1E17269C203C6CF2008E3B81 /* Constants.swift */,
				1E17269E203C7131008E3B81 /* JsonTag.swift */,
			);
			path = common;
			sourceTree = "<group>";
		};
		1E45563B203337CF003D5CD2 /* phrase */ = {
			isa = PBXGroup;
			children = (
				1E45563D203338AA003D5CD2 /* PhraseTableViewController.swift */,
				1E45563F203338BE003D5CD2 /* PhraseTable.storyboard */,
				1E172695203C495B008E3B81 /* PhraseTableCell.swift */,
				1E172696203C495B008E3B81 /* PhraseTableCell.xib */,
			);
			path = phrase;
			sourceTree = "<group>";
		};
		1E45563C203337DA003D5CD2 /* phrase_detail */ = {
			isa = PBXGroup;
			children = (
				1E45564620346D30003D5CD2 /* PhraseDetailViewController.swift */,
				1E45564820346D4A003D5CD2 /* PhraseDetail.storyboard */,
				1E3D42A72048533700F54EFA /* DetailViewCell.swift */,
				1E3D42A82048533700F54EFA /* DetailViewCell.xib */,
			);
			path = phrase_detail;
			sourceTree = "<group>";
		};
		1E45564120346CA5003D5CD2 /* global_menu */ = {
			isa = PBXGroup;
			children = (
				1E45564220346CD7003D5CD2 /* MainTabBarController.swift */,
				1E45564420346CEA003D5CD2 /* MainTabBar.storyboard */,
			);
			path = global_menu;
			sourceTree = "<group>";
		};
		1EBB43772053F38600CC2F9B /* chat */ = {
			isa = PBXGroup;
			children = (
				1EBB43782053F3C100CC2F9B /* ChatViewController.swift */,
				1EBB437A2053F55600CC2F9B /* Chat.storyboard */,
				1EBB437C2053FFA400CC2F9B /* MyTableViewCell.swift */,
				1EBB437D2053FFA400CC2F9B /* MyTableViewCell.xib */,
				1EBB43802053FFB400CC2F9B /* YourTableViewCell.swift */,
				1EBB43812053FFB400CC2F9B /* YourTableViewCell.xib */,
			);
			path = chat;
			sourceTree = "<group>";
		};
/* End PBXGroup section */

/* Begin PBXNativeTarget section */
		1E455608203337BC003D5CD2 /* PhraseSpace */ = {
			isa = PBXNativeTarget;
			buildConfigurationList = 1E455631203337BC003D5CD2 /* Build configuration list for PBXNativeTarget "PhraseSpace" */;
			buildPhases = (
				1E455605203337BC003D5CD2 /* Sources */,
				1E455606203337BC003D5CD2 /* Frameworks */,
				1E455607203337BC003D5CD2 /* Resources */,
			);
			buildRules = (
			);
			dependencies = (
			);
			name = PhraseSpace;
			productName = PhraseSpace;
			productReference = 1E455609203337BC003D5CD2 /* PhraseSpace.app */;
			productType = "com.apple.product-type.application";
		};
		1E45561C203337BC003D5CD2 /* PhraseSpaceTests */ = {
			isa = PBXNativeTarget;
			buildConfigurationList = 1E455634203337BC003D5CD2 /* Build configuration list for PBXNativeTarget "PhraseSpaceTests" */;
			buildPhases = (
				1E455619203337BC003D5CD2 /* Sources */,
				1E45561A203337BC003D5CD2 /* Frameworks */,
				1E45561B203337BC003D5CD2 /* Resources */,
			);
			buildRules = (
			);
			dependencies = (
				1E45561F203337BC003D5CD2 /* PBXTargetDependency */,
			);
			name = PhraseSpaceTests;
			productName = PhraseSpaceTests;
			productReference = 1E45561D203337BC003D5CD2 /* PhraseSpaceTests.xctest */;
			productType = "com.apple.product-type.bundle.unit-test";
		};
		1E455627203337BC003D5CD2 /* PhraseSpaceUITests */ = {
			isa = PBXNativeTarget;
			buildConfigurationList = 1E455637203337BC003D5CD2 /* Build configuration list for PBXNativeTarget "PhraseSpaceUITests" */;
			buildPhases = (
				1E455624203337BC003D5CD2 /* Sources */,
				1E455625203337BC003D5CD2 /* Frameworks */,
				1E455626203337BC003D5CD2 /* Resources */,
			);
			buildRules = (
			);
			dependencies = (
				1E45562A203337BC003D5CD2 /* PBXTargetDependency */,
			);
			name = PhraseSpaceUITests;
			productName = PhraseSpaceUITests;
			productReference = 1E455628203337BC003D5CD2 /* PhraseSpaceUITests.xctest */;
			productType = "com.apple.product-type.bundle.ui-testing";
		};
/* End PBXNativeTarget section */

/* Begin PBXProject section */
		1E455601203337BC003D5CD2 /* Project object */ = {
			isa = PBXProject;
			attributes = {
				LastSwiftUpdateCheck = 0920;
				LastUpgradeCheck = 0920;
				ORGANIZATIONNAME = "井草俊輔";
				TargetAttributes = {
					1E455608203337BC003D5CD2 = {
						CreatedOnToolsVersion = 9.2;
						ProvisioningStyle = Automatic;
					};
					1E45561C203337BC003D5CD2 = {
						CreatedOnToolsVersion = 9.2;
						ProvisioningStyle = Automatic;
						TestTargetID = 1E455608203337BC003D5CD2;
					};
					1E455627203337BC003D5CD2 = {
						CreatedOnToolsVersion = 9.2;
						ProvisioningStyle = Automatic;
						TestTargetID = 1E455608203337BC003D5CD2;
					};
				};
			};
			buildConfigurationList = 1E455604203337BC003D5CD2 /* Build configuration list for PBXProject "PhraseSpace" */;
			compatibilityVersion = "Xcode 8.0";
			developmentRegion = en;
			hasScannedForEncodings = 0;
			knownRegions = (
				en,
				Base,
			);
			mainGroup = 1E455600203337BC003D5CD2;
			productRefGroup = 1E45560A203337BC003D5CD2 /* Products */;
			projectDirPath = "";
			projectRoot = "";
			targets = (
				1E455608203337BC003D5CD2 /* PhraseSpace */,
				1E45561C203337BC003D5CD2 /* PhraseSpaceTests */,
				1E455627203337BC003D5CD2 /* PhraseSpaceUITests */,
			);
		};
/* End PBXProject section */

/* Begin PBXResourcesBuildPhase section */
		1E455607203337BC003D5CD2 /* Resources */ = {
			isa = PBXResourcesBuildPhase;
			buildActionMask = 2147483647;
			files = (
				1E1726A620444727008E3B81 /* blueCircle.png in Resources */,
				1E45564920346D4A003D5CD2 /* PhraseDetail.storyboard in Resources */,
				1E1726A720444727008E3B81 /* greenCircle.png in Resources */,
				1E455617203337BC003D5CD2 /* LaunchScreen.storyboard in Resources */,
				1E3D42A42047070600F54EFA /* reload.png in Resources */,
				1E45564520346CEA003D5CD2 /* MainTabBar.storyboard in Resources */,
				1E17268F203C2B5F008E3B81 /* PhraseSpace.png in Resources */,
				1E1726AE20444738008E3B81 /* logo.png in Resources */,
				1EBB43832053FFB400CC2F9B /* YourTableViewCell.xib in Resources */,
				1E3D42A32047070600F54EFA /* search.png in Resources */,
				1E455614203337BC003D5CD2 /* Assets.xcassets in Resources */,
				1EBB437B2053F55600CC2F9B /* Chat.storyboard in Resources */,
				1E1726A820444727008E3B81 /* redCircle.png in Resources */,
				1E455640203338BE003D5CD2 /* PhraseTable.storyboard in Resources */,
				1EBB437F2053FFA400CC2F9B /* MyTableViewCell.xib in Resources */,
				1E172698203C495B008E3B81 /* PhraseTableCell.xib in Resources */,
				1E3D42A22047070600F54EFA /* edit.png in Resources */,
				1E1726A920444727008E3B81 /* orangeCircle.png in Resources */,
				1E3D42AA2048533700F54EFA /* DetailViewCell.xib in Resources */,
				1E3D42A12047070600F54EFA /* delete.png in Resources */,
				1E428D71204A682E0012017C /* PhraseEdit.storyboard in Resources */,
				1E1726AA20444727008E3B81 /* yellowCircle.png in Resources */,
				1E1726B020445BC4008E3B81 /* purpleCircle.png in Resources */,
				1E172694203C3DB2008E3B81 /* Splash.storyboard in Resources */,
				1E1726AD20444738008E3B81 /* splash.png in Resources */,
			);
			runOnlyForDeploymentPostprocessing = 0;
		};
		1E45561B203337BC003D5CD2 /* Resources */ = {
			isa = PBXResourcesBuildPhase;
			buildActionMask = 2147483647;
			files = (
			);
			runOnlyForDeploymentPostprocessing = 0;
		};
		1E455626203337BC003D5CD2 /* Resources */ = {
			isa = PBXResourcesBuildPhase;
			buildActionMask = 2147483647;
			files = (
			);
			runOnlyForDeploymentPostprocessing = 0;
		};
/* End PBXResourcesBuildPhase section */

/* Begin PBXSourcesBuildPhase section */
		1E455605203337BC003D5CD2 /* Sources */ = {
			isa = PBXSourcesBuildPhase;
			buildActionMask = 2147483647;
			files = (
				1E45560F203337BC003D5CD2 /* BaseViewController.swift in Sources */,
				1EBB43822053FFB400CC2F9B /* YourTableViewCell.swift in Sources */,
				1E1726832039DF6C008E3B81 /* Request.swift in Sources */,
				1E172697203C495B008E3B81 /* PhraseTableCell.swift in Sources */,
				1E428D6F204A67ED0012017C /* PhraseEditViewController.swift in Sources */,
				1E45563E203338AA003D5CD2 /* PhraseTableViewController.swift in Sources */,
				1EBB437E2053FFA400CC2F9B /* MyTableViewCell.swift in Sources */,
				1E172689203B2D64008E3B81 /* ApiClient.swift in Sources */,
				1E45564320346CD7003D5CD2 /* MainTabBarController.swift in Sources */,
				1E17269F203C7131008E3B81 /* JsonTag.swift in Sources */,
				1E17269B203C6771008E3B81 /* Phrase.swift in Sources */,
				1E17269D203C6CF2008E3B81 /* Constants.swift in Sources */,
				1E17268B203B2E70008E3B81 /* CommunicationType.swift in Sources */,
				1EBB43852054108E00CC2F9B /* Chat.swift in Sources */,
				1EBB43792053F3C100CC2F9B /* ChatViewController.swift in Sources */,
				1E45560D203337BC003D5CD2 /* AppDelegate.swift in Sources */,
				1E45564720346D30003D5CD2 /* PhraseDetailViewController.swift in Sources */,
				1E1726852039E258008E3B81 /* Const.swift in Sources */,
				1E3D42A92048533700F54EFA /* DetailViewCell.swift in Sources */,
				1E172692203C3DA4008E3B81 /* SplashViewController.swift in Sources */,
			);
			runOnlyForDeploymentPostprocessing = 0;
		};
		1E455619203337BC003D5CD2 /* Sources */ = {
			isa = PBXSourcesBuildPhase;
			buildActionMask = 2147483647;
			files = (
				1E455622203337BC003D5CD2 /* PhraseSpaceTests.swift in Sources */,
			);
			runOnlyForDeploymentPostprocessing = 0;
		};
		1E455624203337BC003D5CD2 /* Sources */ = {
			isa = PBXSourcesBuildPhase;
			buildActionMask = 2147483647;
			files = (
				1E45562D203337BC003D5CD2 /* PhraseSpaceUITests.swift in Sources */,
			);
			runOnlyForDeploymentPostprocessing = 0;
		};
/* End PBXSourcesBuildPhase section */

/* Begin PBXTargetDependency section */
		1E45561F203337BC003D5CD2 /* PBXTargetDependency */ = {
			isa = PBXTargetDependency;
			target = 1E455608203337BC003D5CD2 /* PhraseSpace */;
			targetProxy = 1E45561E203337BC003D5CD2 /* PBXContainerItemProxy */;
		};
		1E45562A203337BC003D5CD2 /* PBXTargetDependency */ = {
			isa = PBXTargetDependency;
			target = 1E455608203337BC003D5CD2 /* PhraseSpace */;
			targetProxy = 1E455629203337BC003D5CD2 /* PBXContainerItemProxy */;
		};
/* End PBXTargetDependency section */

/* Begin PBXVariantGroup section */
		1E455615203337BC003D5CD2 /* LaunchScreen.storyboard */ = {
			isa = PBXVariantGroup;
			children = (
				1E455616203337BC003D5CD2 /* Base */,
			);
			name = LaunchScreen.storyboard;
			sourceTree = "<group>";
		};
/* End PBXVariantGroup section */

/* Begin XCBuildConfiguration section */
		1E45562F203337BC003D5CD2 /* Debug */ = {
			isa = XCBuildConfiguration;
			buildSettings = {
				ALWAYS_SEARCH_USER_PATHS = NO;
				CLANG_ANALYZER_NONNULL = YES;
				CLANG_ANALYZER_NUMBER_OBJECT_CONVERSION = YES_AGGRESSIVE;
				CLANG_CXX_LANGUAGE_STANDARD = "gnu++14";
				CLANG_CXX_LIBRARY = "libc++";
				CLANG_ENABLE_MODULES = YES;
				CLANG_ENABLE_OBJC_ARC = YES;
				CLANG_WARN_BLOCK_CAPTURE_AUTORELEASING = YES;
				CLANG_WARN_BOOL_CONVERSION = YES;
				CLANG_WARN_COMMA = YES;
				CLANG_WARN_CONSTANT_CONVERSION = YES;
				CLANG_WARN_DIRECT_OBJC_ISA_USAGE = YES_ERROR;
				CLANG_WARN_DOCUMENTATION_COMMENTS = YES;
				CLANG_WARN_EMPTY_BODY = YES;
				CLANG_WARN_ENUM_CONVERSION = YES;
				CLANG_WARN_INFINITE_RECURSION = YES;
				CLANG_WARN_INT_CONVERSION = YES;
				CLANG_WARN_NON_LITERAL_NULL_CONVERSION = YES;
				CLANG_WARN_OBJC_LITERAL_CONVERSION = YES;
				CLANG_WARN_OBJC_ROOT_CLASS = YES_ERROR;
				CLANG_WARN_RANGE_LOOP_ANALYSIS = YES;
				CLANG_WARN_STRICT_PROTOTYPES = YES;
				CLANG_WARN_SUSPICIOUS_MOVE = YES;
				CLANG_WARN_UNGUARDED_AVAILABILITY = YES_AGGRESSIVE;
				CLANG_WARN_UNREACHABLE_CODE = YES;
				CLANG_WARN__DUPLICATE_METHOD_MATCH = YES;
				CODE_SIGN_IDENTITY = "iPhone Developer";
				COPY_PHASE_STRIP = NO;
				DEBUG_INFORMATION_FORMAT = dwarf;
				ENABLE_STRICT_OBJC_MSGSEND = YES;
				ENABLE_TESTABILITY = YES;
				GCC_C_LANGUAGE_STANDARD = gnu11;
				GCC_DYNAMIC_NO_PIC = NO;
				GCC_NO_COMMON_BLOCKS = YES;
				GCC_OPTIMIZATION_LEVEL = 0;
				GCC_PREPROCESSOR_DEFINITIONS = (
					"DEBUG=1",
					"$(inherited)",
				);
				GCC_WARN_64_TO_32_BIT_CONVERSION = YES;
				GCC_WARN_ABOUT_RETURN_TYPE = YES_ERROR;
				GCC_WARN_UNDECLARED_SELECTOR = YES;
				GCC_WARN_UNINITIALIZED_AUTOS = YES_AGGRESSIVE;
				GCC_WARN_UNUSED_FUNCTION = YES;
				GCC_WARN_UNUSED_VARIABLE = YES;
				IPHONEOS_DEPLOYMENT_TARGET = 11.2;
				MTL_ENABLE_DEBUG_INFO = YES;
				ONLY_ACTIVE_ARCH = YES;
				SDKROOT = iphoneos;
				SWIFT_ACTIVE_COMPILATION_CONDITIONS = DEBUG;
				SWIFT_OPTIMIZATION_LEVEL = "-Onone";
			};
			name = Debug;
		};
		1E455630203337BC003D5CD2 /* Release */ = {
			isa = XCBuildConfiguration;
			buildSettings = {
				ALWAYS_SEARCH_USER_PATHS = NO;
				CLANG_ANALYZER_NONNULL = YES;
				CLANG_ANALYZER_NUMBER_OBJECT_CONVERSION = YES_AGGRESSIVE;
				CLANG_CXX_LANGUAGE_STANDARD = "gnu++14";
				CLANG_CXX_LIBRARY = "libc++";
				CLANG_ENABLE_MODULES = YES;
				CLANG_ENABLE_OBJC_ARC = YES;
				CLANG_WARN_BLOCK_CAPTURE_AUTORELEASING = YES;
				CLANG_WARN_BOOL_CONVERSION = YES;
				CLANG_WARN_COMMA = YES;
				CLANG_WARN_CONSTANT_CONVERSION = YES;
				CLANG_WARN_DIRECT_OBJC_ISA_USAGE = YES_ERROR;
				CLANG_WARN_DOCUMENTATION_COMMENTS = YES;
				CLANG_WARN_EMPTY_BODY = YES;
				CLANG_WARN_ENUM_CONVERSION = YES;
				CLANG_WARN_INFINITE_RECURSION = YES;
				CLANG_WARN_INT_CONVERSION = YES;
				CLANG_WARN_NON_LITERAL_NULL_CONVERSION = YES;
				CLANG_WARN_OBJC_LITERAL_CONVERSION = YES;
				CLANG_WARN_OBJC_ROOT_CLASS = YES_ERROR;
				CLANG_WARN_RANGE_LOOP_ANALYSIS = YES;
				CLANG_WARN_STRICT_PROTOTYPES = YES;
				CLANG_WARN_SUSPICIOUS_MOVE = YES;
				CLANG_WARN_UNGUARDED_AVAILABILITY = YES_AGGRESSIVE;
				CLANG_WARN_UNREACHABLE_CODE = YES;
				CLANG_WARN__DUPLICATE_METHOD_MATCH = YES;
				CODE_SIGN_IDENTITY = "iPhone Developer";
				COPY_PHASE_STRIP = NO;
				DEBUG_INFORMATION_FORMAT = "dwarf-with-dsym";
				ENABLE_NS_ASSERTIONS = NO;
				ENABLE_STRICT_OBJC_MSGSEND = YES;
				GCC_C_LANGUAGE_STANDARD = gnu11;
				GCC_NO_COMMON_BLOCKS = YES;
				GCC_WARN_64_TO_32_BIT_CONVERSION = YES;
				GCC_WARN_ABOUT_RETURN_TYPE = YES_ERROR;
				GCC_WARN_UNDECLARED_SELECTOR = YES;
				GCC_WARN_UNINITIALIZED_AUTOS = YES_AGGRESSIVE;
				GCC_WARN_UNUSED_FUNCTION = YES;
				GCC_WARN_UNUSED_VARIABLE = YES;
				IPHONEOS_DEPLOYMENT_TARGET = 11.2;
				MTL_ENABLE_DEBUG_INFO = NO;
				SDKROOT = iphoneos;
				SWIFT_OPTIMIZATION_LEVEL = "-Owholemodule";
				VALIDATE_PRODUCT = YES;
			};
			name = Release;
		};
		1E455632203337BC003D5CD2 /* Debug */ = {
			isa = XCBuildConfiguration;
			buildSettings = {
				ASSETCATALOG_COMPILER_APPICON_NAME = AppIcon;
				CODE_SIGN_STYLE = Automatic;
				DEVELOPMENT_TEAM = 4X276R3Z6N;
				INFOPLIST_FILE = PhraseSpace/Info.plist;
				LD_RUNPATH_SEARCH_PATHS = "$(inherited) @executable_path/Frameworks";
				PRODUCT_BUNDLE_IDENTIFIER = jp.myapp.PhraseSpace;
				PRODUCT_NAME = "$(TARGET_NAME)";
				SWIFT_VERSION = 4.0;
				TARGETED_DEVICE_FAMILY = "1,2";
			};
			name = Debug;
		};
		1E455633203337BC003D5CD2 /* Release */ = {
			isa = XCBuildConfiguration;
			buildSettings = {
				ASSETCATALOG_COMPILER_APPICON_NAME = AppIcon;
				CODE_SIGN_STYLE = Automatic;
				DEVELOPMENT_TEAM = 4X276R3Z6N;
				INFOPLIST_FILE = PhraseSpace/Info.plist;
				LD_RUNPATH_SEARCH_PATHS = "$(inherited) @executable_path/Frameworks";
				PRODUCT_BUNDLE_IDENTIFIER = jp.myapp.PhraseSpace;
				PRODUCT_NAME = "$(TARGET_NAME)";
				SWIFT_VERSION = 4.0;
				TARGETED_DEVICE_FAMILY = "1,2";
			};
			name = Release;
		};
		1E455635203337BC003D5CD2 /* Debug */ = {
			isa = XCBuildConfiguration;
			buildSettings = {
				ALWAYS_EMBED_SWIFT_STANDARD_LIBRARIES = YES;
				BUNDLE_LOADER = "$(TEST_HOST)";
				CODE_SIGN_STYLE = Automatic;
				DEVELOPMENT_TEAM = 4X276R3Z6N;
				INFOPLIST_FILE = PhraseSpaceTests/Info.plist;
				LD_RUNPATH_SEARCH_PATHS = "$(inherited) @executable_path/Frameworks @loader_path/Frameworks";
				PRODUCT_BUNDLE_IDENTIFIER = jp.myapp.PhraseSpaceTests;
				PRODUCT_NAME = "$(TARGET_NAME)";
				SWIFT_VERSION = 4.0;
				TARGETED_DEVICE_FAMILY = "1,2";
				TEST_HOST = "$(BUILT_PRODUCTS_DIR)/PhraseSpace.app/PhraseSpace";
			};
			name = Debug;
		};
		1E455636203337BC003D5CD2 /* Release */ = {
			isa = XCBuildConfiguration;
			buildSettings = {
				ALWAYS_EMBED_SWIFT_STANDARD_LIBRARIES = YES;
				BUNDLE_LOADER = "$(TEST_HOST)";
				CODE_SIGN_STYLE = Automatic;
				DEVELOPMENT_TEAM = 4X276R3Z6N;
				INFOPLIST_FILE = PhraseSpaceTests/Info.plist;
				LD_RUNPATH_SEARCH_PATHS = "$(inherited) @executable_path/Frameworks @loader_path/Frameworks";
				PRODUCT_BUNDLE_IDENTIFIER = jp.myapp.PhraseSpaceTests;
				PRODUCT_NAME = "$(TARGET_NAME)";
				SWIFT_VERSION = 4.0;
				TARGETED_DEVICE_FAMILY = "1,2";
				TEST_HOST = "$(BUILT_PRODUCTS_DIR)/PhraseSpace.app/PhraseSpace";
			};
			name = Release;
		};
		1E455638203337BC003D5CD2 /* Debug */ = {
			isa = XCBuildConfiguration;
			buildSettings = {
				ALWAYS_EMBED_SWIFT_STANDARD_LIBRARIES = YES;
				CODE_SIGN_STYLE = Automatic;
				DEVELOPMENT_TEAM = 4X276R3Z6N;
				INFOPLIST_FILE = PhraseSpaceUITests/Info.plist;
				LD_RUNPATH_SEARCH_PATHS = "$(inherited) @executable_path/Frameworks @loader_path/Frameworks";
				PRODUCT_BUNDLE_IDENTIFIER = jp.myapp.PhraseSpaceUITests;
				PRODUCT_NAME = "$(TARGET_NAME)";
				SWIFT_VERSION = 4.0;
				TARGETED_DEVICE_FAMILY = "1,2";
				TEST_TARGET_NAME = PhraseSpace;
			};
			name = Debug;
		};
		1E455639203337BC003D5CD2 /* Release */ = {
			isa = XCBuildConfiguration;
			buildSettings = {
				ALWAYS_EMBED_SWIFT_STANDARD_LIBRARIES = YES;
				CODE_SIGN_STYLE = Automatic;
				DEVELOPMENT_TEAM = 4X276R3Z6N;
				INFOPLIST_FILE = PhraseSpaceUITests/Info.plist;
				LD_RUNPATH_SEARCH_PATHS = "$(inherited) @executable_path/Frameworks @loader_path/Frameworks";
				PRODUCT_BUNDLE_IDENTIFIER = jp.myapp.PhraseSpaceUITests;
				PRODUCT_NAME = "$(TARGET_NAME)";
				SWIFT_VERSION = 4.0;
				TARGETED_DEVICE_FAMILY = "1,2";
				TEST_TARGET_NAME = PhraseSpace;
			};
			name = Release;
		};
/* End XCBuildConfiguration section */

/* Begin XCConfigurationList section */
		1E455604203337BC003D5CD2 /* Build configuration list for PBXProject "PhraseSpace" */ = {
			isa = XCConfigurationList;
			buildConfigurations = (
				1E45562F203337BC003D5CD2 /* Debug */,
				1E455630203337BC003D5CD2 /* Release */,
			);
			defaultConfigurationIsVisible = 0;
			defaultConfigurationName = Release;
		};
		1E455631203337BC003D5CD2 /* Build configuration list for PBXNativeTarget "PhraseSpace" */ = {
			isa = XCConfigurationList;
			buildConfigurations = (
				1E455632203337BC003D5CD2 /* Debug */,
				1E455633203337BC003D5CD2 /* Release */,
			);
			defaultConfigurationIsVisible = 0;
			defaultConfigurationName = Release;
		};
		1E455634203337BC003D5CD2 /* Build configuration list for PBXNativeTarget "PhraseSpaceTests" */ = {
			isa = XCConfigurationList;
			buildConfigurations = (
				1E455635203337BC003D5CD2 /* Debug */,
				1E455636203337BC003D5CD2 /* Release */,
			);
			defaultConfigurationIsVisible = 0;
			defaultConfigurationName = Release;
		};
		1E455637203337BC003D5CD2 /* Build configuration list for PBXNativeTarget "PhraseSpaceUITests" */ = {
			isa = XCConfigurationList;
			buildConfigurations = (
				1E455638203337BC003D5CD2 /* Debug */,
				1E455639203337BC003D5CD2 /* Release */,
			);
			defaultConfigurationIsVisible = 0;
			defaultConfigurationName = Release;
		};
/* End XCConfigurationList section */
	};
	rootObject = 1E455601203337BC003D5CD2 /* Project object */;
}
